{"kind":"NGIN.DependencyLock","packages":[{"artifactIdentity":"NGIN.Reflection@0.1.0","artifactOptions":{},"compatibility":{"architecture":"x64","compiler":"default","compilerVersion":"","configuration":"Debug","linkage":"Default","operatingSystem":"linux","options":{},"runtimeLibrary":""},"context":"Host","hermetic":false,"integrity":"sha256:5170ec0620b4ff3ccd22e9e8a8aa1f48f8c323f396a88c5429f6324441efe86c","name":"NGIN.Reflection","packageInstance":"sha256:04a138c11816d47d3e8bc3ed9d86e371d824082983f474f30378949e333f0e22","providerCoordinate":"NGIN.Reflection","providerKind":"Directory","providerVersion":"0.1.0","revision":"workspace","signature":"","source":"workspace","trust":"workspace","version":"0.1.0"},{"artifactIdentity":"NGIN.Base@0.1.0","artifactOptions":{},"compatibility":{"architecture":"x64","compiler":"default","compilerVersion":"","configuration":"Debug","linkage":"Default","operatingSystem":"linux","options":{},"runtimeLibrary":""},"context":"Host","hermetic":false,"integrity":"sha256:3187f0ae6a9a519da8a3dcacc7b77b7ce7f0bba82ed95b74e8d81e307bbb7a48","name":"NGIN.Base","packageInstance":"sha256:484361f26f7a544f856cb9e172151330e82ce8f972f873bfa1c7700f123f79b1","providerCoordinate":"NGIN.Base","providerKind":"Directory","providerVersion":"0.1.0","revision":"workspace","signature":"","source":"workspace","trust":"workspace","version":"0.1.0"},{"artifactIdentity":"NGIN.Reflection.MetaGen@0.1.0","artifactOptions":{},"compatibility":{"architecture":"x64","compiler":"default","compilerVersion":"","configuration":"Debug","linkage":"Default","operatingSystem":"linux","options":{},"runtimeLibrary":""},"context":"Host","hermetic":false,"integrity":"sha256:7f10cc544900477844a04451c7dd62a429203a806e4c92316d03792e812b3c42","name":"NGIN.Reflection.MetaGen","packageInstance":"sha256:5a5908eaa99c487be9ceeefcefb594df7f373f3ddd6c0311c798273ba0be4b19","providerCoordinate":"NGIN.Reflection.MetaGen","providerKind":"Directory","providerVersion":"0.1.0","revision":"workspace","signature":"","source":"workspace","trust":"workspace","version":"0.1.0"},{"artifactIdentity":"NGIN.Reflection@0.1.0","artifactOptions":{},"compatibility":{"architecture":"x64","compiler":"default","compilerVersion":"","configuration":"Debug","linkage":"Default","operatingSystem":"linux","options":{},"runtimeLibrary":""},"context":"Target","hermetic":false,"integrity":"sha256:5170ec0620b4ff3ccd22e9e8a8aa1f48f8c323f396a88c5429f6324441efe86c","name":"NGIN.Reflection","packageInstance":"sha256:6e9f953024575de57d8db4e593b29e9c5b264e6c9788720506a1b9123937ae6c","providerCoordinate":"NGIN.Reflection","providerKind":"Directory","providerVersion":"0.1.0","revision":"workspace","signature":"","source":"workspace","trust":"workspace","version":"0.1.0"},{"artifactIdentity":"NGIN.Base@0.1.0","artifactOptions":{},"compatibility":{"architecture":"x64","compiler":"default","compilerVersion":"","configuration":"Debug","linkage":"Default","operatingSystem":"linux","options":{},"runtimeLibrary":""},"context":"Target","hermetic":false,"integrity":"sha256:3187f0ae6a9a519da8a3dcacc7b77b7ce7f0bba82ed95b74e8d81e307bbb7a48","name":"NGIN.Base","packageInstance":"sha256:9b5699326d0c3c8fe264cf365635f388cff1029a2e05d1f4b228bafd3026c20e","providerCoordinate":"NGIN.Base","providerKind":"Directory","providerVersion":"0.1.0","revision":"workspace","signature":"","source":"workspace","trust":"workspace","version":"0.1.0"}]}
