{"kind":"NGIN.DependencyLock","packages":[{"artifactIdentity":"NGIN.Reflection@0.1.0","artifactOptions":{},"compatibility":{"architecture":"x64","compiler":"default","compilerVersion":"","configuration":"Debug","linkage":"Default","operatingSystem":"windows","options":{},"runtimeLibrary":""},"context":"Target","hermetic":false,"integrity":"sha256:df90efa27fcd7f7d68cea8457ca511df63100f4e3ed0b353dfcd6410a23d4693","name":"NGIN.Reflection","packageInstance":"sha256:06c55c5ffb8e64bef36136ec099c6312045426b433c1fbed9f3a58a4ffe4c757","providerCoordinate":"NGIN.Reflection","providerKind":"Directory","providerVersion":"0.1.0","revision":"workspace","signature":"","source":"local","trust":"workspace","version":"0.1.0"},{"artifactIdentity":"NGIN.Base@0.1.0","artifactOptions":{},"compatibility":{"architecture":"x64","compiler":"default","compilerVersion":"","configuration":"Debug","linkage":"Default","operatingSystem":"windows","options":{},"runtimeLibrary":""},"context":"Target","hermetic":false,"integrity":"sha256:ee70d424de4ddfa977006301aaaf125ce1f8e1f090247018c741c05a1ac08c05","name":"NGIN.Base","packageInstance":"sha256:50b29afed3ac1b8f2d7719276b2b0f150e5f468f98a7e68970a1714a85f0023c","providerCoordinate":"NGIN.Base","providerKind":"Directory","providerVersion":"0.1.0","revision":"workspace","signature":"","source":"local","trust":"workspace","version":"0.1.0"},{"artifactIdentity":"NGIN.Reflection@0.1.0","artifactOptions":{},"compatibility":{"architecture":"x64","compiler":"default","compilerVersion":"","configuration":"Debug","linkage":"Default","operatingSystem":"windows","options":{},"runtimeLibrary":""},"context":"Host","hermetic":false,"integrity":"sha256:df90efa27fcd7f7d68cea8457ca511df63100f4e3ed0b353dfcd6410a23d4693","name":"NGIN.Reflection","packageInstance":"sha256:764ec0412ec76bd786787ee31ae7bcfe6c831b8202539e81b86e8b6906fcdec2","providerCoordinate":"NGIN.Reflection","providerKind":"Directory","providerVersion":"0.1.0","revision":"workspace","signature":"","source":"local","trust":"workspace","version":"0.1.0"},{"artifactIdentity":"NGIN.Base@0.1.0","artifactOptions":{},"compatibility":{"architecture":"x64","compiler":"default","compilerVersion":"","configuration":"Debug","linkage":"Default","operatingSystem":"windows","options":{},"runtimeLibrary":""},"context":"Host","hermetic":false,"integrity":"sha256:ee70d424de4ddfa977006301aaaf125ce1f8e1f090247018c741c05a1ac08c05","name":"NGIN.Base","packageInstance":"sha256:cf9b6dd84a2b874193c47ffc4ad6e7f9b879bce1c24fe27819d4c2903595354f","providerCoordinate":"NGIN.Base","providerKind":"Directory","providerVersion":"0.1.0","revision":"workspace","signature":"","source":"local","trust":"workspace","version":"0.1.0"},{"artifactIdentity":"NGIN.Reflection.MetaGen@0.1.0","artifactOptions":{},"compatibility":{"architecture":"x64","compiler":"default","compilerVersion":"","configuration":"Debug","linkage":"Default","operatingSystem":"windows","options":{},"runtimeLibrary":""},"context":"Host","hermetic":false,"integrity":"sha256:35961ca4790357c5f0f572e7c208101fe21901ae54549d56e90991e926c1048f","name":"NGIN.Reflection.MetaGen","packageInstance":"sha256:ef4414c174014ce81584f1105256fa0352a68185daa80886cffc79b47d4e9fa2","providerCoordinate":"NGIN.Reflection.MetaGen","providerKind":"Directory","providerVersion":"0.1.0","revision":"workspace","signature":"","source":"local","trust":"workspace","version":"0.1.0"}]}
